
Microsoft Visual Studio Solution File, Format Version 12.00
# Visual Studio Version 17
VisualStudioVersion = 17.7.34202.233
MinimumVisualStudioVersion = 10.0.40219.1
Project("{9A19103F-16F7-4668-BE54-9A1E7A4F7556}") = "MapProject", "MapProject.csproj", "{CDD5782A-ABB0-4AB7-8F6F-98C5749AF0BB}"
EndProject
Project("{FAE04EC0-301F-11D3-BF4B-00C04F79EFBC}") = "MapProject.WebUI", "..\MapProject.WebUI\MapProject.WebUI.csproj", "{7742F617-ACF6-42F9-A5DC-961727A58CF0}"
EndProject
Global
	GlobalSection(SolutionConfigurationPlatforms) = preSolution
		Debug|Any CPU = Debug|Any CPU
		Release|Any CPU = Release|Any CPU
	EndGlobalSection
	GlobalSection(ProjectConfigurationPlatforms) = postSolution
		{CDD5782A-ABB0-4AB7-8F6F-98C5749AF0BB}.Debug|Any CPU.ActiveCfg = Debug|Any CPU
		{CDD5782A-ABB0-4AB7-8F6F-98C5749AF0BB}.Debug|Any CPU.Build.0 = Debug|Any CPU
		{CDD5782A-ABB0-4AB7-8F6F-98C5749AF0BB}.Release|Any CPU.ActiveCfg = Release|Any CPU
		{CDD5782A-ABB0-4AB7-8F6F-98C5749AF0BB}.Release|Any CPU.Build.0 = Release|Any CPU
		{7742F617-ACF6-42F9-A5DC-961727A58CF0}.Debug|Any CPU.ActiveCfg = Debug|Any CPU
		{7742F617-ACF6-42F9-A5DC-961727A58CF0}.Debug|Any CPU.Build.0 = Debug|Any CPU
		{7742F617-ACF6-42F9-A5DC-961727A58CF0}.Release|Any CPU.ActiveCfg = Release|Any CPU
		{7742F617-ACF6-42F9-A5DC-961727A58CF0}.Release|Any CPU.Build.0 = Release|Any CPU
	EndGlobalSection
	GlobalSection(SolutionProperties) = preSolution
		HideSolutionNode = FALSE
	EndGlobalSection
	GlobalSection(ExtensibilityGlobals) = postSolution
		SolutionGuid = {E04DFE96-FD95-4985-B553-3B2636D936F2}
	EndGlobalSection
EndGlobal
